
Microsoft Visual Studio Solution File, Format Version 12.00
# Visual Studio Version 16
VisualStudioVersion = 16.0.30002.166
MinimumVisualStudioVersion = 10.0.40219.1
Project("{9A19103F-16F7-4668-BE54-9A1E7A4F7556}") = "MagniveoVue", "MagniveoVue\MagniveoVue.csproj", "{7FFB4D85-D314-40C3-AB78-33BDA629B27A}"
	ProjectSection(ProjectDependencies) = postProject
		{0D6ED8BA-9D11-4616-894D-FA006A892560} = {0D6ED8BA-9D11-4616-894D-FA006A892560}
	EndProjectSection
EndProject
Project("{9A19103F-16F7-4668-BE54-9A1E7A4F7556}") = "MagniveoVue.Model", "MagniveoVue.Model\MagniveoVue.Model.csproj", "{B71823F7-6F07-4A36-970E-141E0F660AE8}"
EndProject
Project("{9A19103F-16F7-4668-BE54-9A1E7A4F7556}") = "MagniveoVue.DataAccess", "MagniveoVue.DataAccess\MagniveoVue.DataAccess.csproj", "{AF140D45-84A1-4141-AB63-6E895E352EC4}"
EndProject
Project("{9A19103F-16F7-4668-BE54-9A1E7A4F7556}") = "MagniveoVue.ViewModel", "MagniveoVue.ViewModel\MagniveoVue.ViewModel.csproj", "{51983789-4606-4695-89F7-DF734AFC0E70}"
EndProject
Project("{9A19103F-16F7-4668-BE54-9A1E7A4F7556}") = "MagniveoVue.Test", "MagniveoVue.Test\MagniveoVue.Test.csproj", "{AEE6752D-8A87-430B-9E94-FEACB47D4C1A}"
EndProject
Project("{9A19103F-16F7-4668-BE54-9A1E7A4F7556}") = "MagniveoVue.Services", "MagniveoVue.Services\MagniveoVue.Services.csproj", "{0D6ED8BA-9D11-4616-894D-FA006A892560}"
	ProjectSection(ProjectDependencies) = postProject
		{AF140D45-84A1-4141-AB63-6E895E352EC4} = {AF140D45-84A1-4141-AB63-6E895E352EC4}
	EndProjectSection
EndProject
Global
	GlobalSection(SolutionConfigurationPlatforms) = preSolution
		Debug|Any CPU = Debug|Any CPU
		Release|Any CPU = Release|Any CPU
	EndGlobalSection
	GlobalSection(ProjectConfigurationPlatforms) = postSolution
		{7FFB4D85-D314-40C3-AB78-33BDA629B27A}.Debug|Any CPU.ActiveCfg = Debug|Any CPU
		{7FFB4D85-D314-40C3-AB78-33BDA629B27A}.Debug|Any CPU.Build.0 = Debug|Any CPU
		{7FFB4D85-D314-40C3-AB78-33BDA629B27A}.Release|Any CPU.ActiveCfg = Release|Any CPU
		{7FFB4D85-D314-40C3-AB78-33BDA629B27A}.Release|Any CPU.Build.0 = Release|Any CPU
		{B71823F7-6F07-4A36-970E-141E0F660AE8}.Debug|Any CPU.ActiveCfg = Debug|Any CPU
		{B71823F7-6F07-4A36-970E-141E0F660AE8}.Debug|Any CPU.Build.0 = Debug|Any CPU
		{B71823F7-6F07-4A36-970E-141E0F660AE8}.Release|Any CPU.ActiveCfg = Release|Any CPU
		{B71823F7-6F07-4A36-970E-141E0F660AE8}.Release|Any CPU.Build.0 = Release|Any CPU
		{AF140D45-84A1-4141-AB63-6E895E352EC4}.Debug|Any CPU.ActiveCfg = Debug|Any CPU
		{AF140D45-84A1-4141-AB63-6E895E352EC4}.Debug|Any CPU.Build.0 = Debug|Any CPU
		{AF140D45-84A1-4141-AB63-6E895E352EC4}.Release|Any CPU.ActiveCfg = Release|Any CPU
		{AF140D45-84A1-4141-AB63-6E895E352EC4}.Release|Any CPU.Build.0 = Release|Any CPU
		{51983789-4606-4695-89F7-DF734AFC0E70}.Debug|Any CPU.ActiveCfg = Debug|Any CPU
		{51983789-4606-4695-89F7-DF734AFC0E70}.Debug|Any CPU.Build.0 = Debug|Any CPU
		{51983789-4606-4695-89F7-DF734AFC0E70}.Release|Any CPU.ActiveCfg = Release|Any CPU
		{51983789-4606-4695-89F7-DF734AFC0E70}.Release|Any CPU.Build.0 = Release|Any CPU
		{AEE6752D-8A87-430B-9E94-FEACB47D4C1A}.Debug|Any CPU.ActiveCfg = Debug|Any CPU
		{AEE6752D-8A87-430B-9E94-FEACB47D4C1A}.Debug|Any CPU.Build.0 = Debug|Any CPU
		{AEE6752D-8A87-430B-9E94-FEACB47D4C1A}.Release|Any CPU.ActiveCfg = Release|Any CPU
		{AEE6752D-8A87-430B-9E94-FEACB47D4C1A}.Release|Any CPU.Build.0 = Release|Any CPU
		{0D6ED8BA-9D11-4616-894D-FA006A892560}.Debug|Any CPU.ActiveCfg = Debug|Any CPU
		{0D6ED8BA-9D11-4616-894D-FA006A892560}.Debug|Any CPU.Build.0 = Debug|Any CPU
		{0D6ED8BA-9D11-4616-894D-FA006A892560}.Release|Any CPU.ActiveCfg = Release|Any CPU
		{0D6ED8BA-9D11-4616-894D-FA006A892560}.Release|Any CPU.Build.0 = Release|Any CPU
	EndGlobalSection
	GlobalSection(SolutionProperties) = preSolution
		HideSolutionNode = FALSE
	EndGlobalSection
	GlobalSection(ExtensibilityGlobals) = postSolution
		SolutionGuid = {1F219808-E6E8-4C1D-B846-41F2F7CF20FA}
	EndGlobalSection
EndGlobal
